
Microsoft Visual Studio Solution File, Format Version 12.00
# Visual Studio Version 16
VisualStudioVersion = 16.0.30218.91
MinimumVisualStudioVersion = 10.0.40219.1
Project("{FAE04EC0-301F-11D3-BF4B-00C04F79EFBC}") = "ASPNETWebformsSchulung2020", "ASPNETWebformsSchulung2020\ASPNETWebformsSchulung2020.csproj", "{1BD8B1FD-0B1A-42F0-9E47-E44CB8EA5176}"
EndProject
Global
	GlobalSection(SolutionConfigurationPlatforms) = preSolution
		Debug|Any CPU = Debug|Any CPU
		Release|Any CPU = Release|Any CPU
	EndGlobalSection
	GlobalSection(ProjectConfigurationPlatforms) = postSolution
		{1BD8B1FD-0B1A-42F0-9E47-E44CB8EA5176}.Debug|Any CPU.ActiveCfg = Debug|Any CPU
		{1BD8B1FD-0B1A-42F0-9E47-E44CB8EA5176}.Debug|Any CPU.Build.0 = Debug|Any CPU
		{1BD8B1FD-0B1A-42F0-9E47-E44CB8EA5176}.Release|Any CPU.ActiveCfg = Release|Any CPU
		{1BD8B1FD-0B1A-42F0-9E47-E44CB8EA5176}.Release|Any CPU.Build.0 = Release|Any CPU
	EndGlobalSection
	GlobalSection(SolutionProperties) = preSolution
		HideSolutionNode = FALSE
	EndGlobalSection
	GlobalSection(ExtensibilityGlobals) = postSolution
		SolutionGuid = {A76D1586-A03A-439B-9485-74DBBF7B83BD}
	EndGlobalSection
EndGlobal
